
Microsoft Visual Studio Solution File, Format Version 12.00
# Visual Studio Version 16
VisualStudioVersion = 16.0.29123.88
MinimumVisualStudioVersion = 10.0.40219.1
Project("{FAE04EC0-301F-11D3-BF4B-00C04F79EFBC}") = "tutorial_1", "tutorial_1\tutorial_1.csproj", "{69F1220B-6E07-4C84-882B-36103020DA3D}"
EndProject
Global
	GlobalSection(SolutionConfigurationPlatforms) = preSolution
		Debug|Any CPU = Debug|Any CPU
		Release|Any CPU = Release|Any CPU
	EndGlobalSection
	GlobalSection(ProjectConfigurationPlatforms) = postSolution
		{69F1220B-6E07-4C84-882B-36103020DA3D}.Debug|Any CPU.ActiveCfg = Debug|Any CPU
		{69F1220B-6E07-4C84-882B-36103020DA3D}.Debug|Any CPU.Build.0 = Debug|Any CPU
		{69F1220B-6E07-4C84-882B-36103020DA3D}.Release|Any CPU.ActiveCfg = Release|Any CPU
		{69F1220B-6E07-4C84-882B-36103020DA3D}.Release|Any CPU.Build.0 = Release|Any CPU
	EndGlobalSection
	GlobalSection(SolutionProperties) = preSolution
		HideSolutionNode = FALSE
	EndGlobalSection
	GlobalSection(ExtensibilityGlobals) = postSolution
		SolutionGuid = {F7D1E213-CE11-442B-A442-4B5AD8C3D2D5}
	EndGlobalSection
EndGlobal
